// !$*UTF8*$!
{
	archiveVersion = 1;
	classes = {
	};
	objectVersion = 56;
	objects = {

/* Begin PBXBuildFile section */
		3D2187392AD6717F00FE35C6 /* PhantomChat_v1_0App.swift in Sources */ = {isa = PBXBuildFile; fileRef = 3D2187382AD6717F00FE35C6 /* PhantomChat_v1_0App.swift */; };
		3D21873B2AD6717F00FE35C6 /* ContentView.swift in Sources */ = {isa = PBXBuildFile; fileRef = 3D21873A2AD6717F00FE35C6 /* ContentView.swift */; };
		3D21873D2AD6718000FE35C6 /* Assets.xcassets in Resources */ = {isa = PBXBuildFile; fileRef = 3D21873C2AD6718000FE35C6 /* Assets.xcassets */; };
		3D2187402AD6718000FE35C6 /* Preview Assets.xcassets in Resources */ = {isa = PBXBuildFile; fileRef = 3D21873F2AD6718000FE35C6 /* Preview Assets.xcassets */; };
		3D2187472AD671C600FE35C6 /* BottomBar.swift in Sources */ = {isa = PBXBuildFile; fileRef = 3D2187462AD671C600FE35C6 /* BottomBar.swift */; };
		3D2187502AD6736A00FE35C6 /* StatusView.swift in Sources */ = {isa = PBXBuildFile; fileRef = 3D21874F2AD6736A00FE35C6 /* StatusView.swift */; };
		3D2187522AD6738900FE35C6 /* StatusManager.swift in Sources */ = {isa = PBXBuildFile; fileRef = 3D2187512AD6738900FE35C6 /* StatusManager.swift */; };
		3D2187542AD67FD500FE35C6 /* StatusCardView.swift in Sources */ = {isa = PBXBuildFile; fileRef = 3D2187532AD67FD500FE35C6 /* StatusCardView.swift */; };
		3D2187562AD6834500FE35C6 /* StatusListView.swift in Sources */ = {isa = PBXBuildFile; fileRef = 3D2187552AD6834500FE35C6 /* StatusListView.swift */; };
		3D2187582AD6841A00FE35C6 /* MyStatusCardView.swift in Sources */ = {isa = PBXBuildFile; fileRef = 3D2187572AD6841A00FE35C6 /* MyStatusCardView.swift */; };
		3D21875A2AD688CB00FE35C6 /* InfoTextView.swift in Sources */ = {isa = PBXBuildFile; fileRef = 3D2187592AD688CB00FE35C6 /* InfoTextView.swift */; };
		3D21875C2AD6960E00FE35C6 /* ChatsView.swift in Sources */ = {isa = PBXBuildFile; fileRef = 3D21875B2AD6960E00FE35C6 /* ChatsView.swift */; };
		3D21875E2AD6964D00FE35C6 /* SettingsView.swift in Sources */ = {isa = PBXBuildFile; fileRef = 3D21875D2AD6964D00FE35C6 /* SettingsView.swift */; };
		3DC7EE652ADD99B700C02E15 /* SplashScreenView.swift in Sources */ = {isa = PBXBuildFile; fileRef = 3DC7EE642ADD99B700C02E15 /* SplashScreenView.swift */; };
/* End PBXBuildFile section */

/* Begin PBXFileReference section */
		3D2187352AD6717F00FE35C6 /* PhantomChat v1.0.app */ = {isa = PBXFileReference; explicitFileType = wrapper.application; includeInIndex = 0; path = "PhantomChat v1.0.app"; sourceTree = BUILT_PRODUCTS_DIR; };
		3D2187382AD6717F00FE35C6 /* PhantomChat_v1_0App.swift */ = {isa = PBXFileReference; lastKnownFileType = sourcecode.swift; path = PhantomChat_v1_0App.swift; sourceTree = "<group>"; };
		3D21873A2AD6717F00FE35C6 /* ContentView.swift */ = {isa = PBXFileReference; lastKnownFileType = sourcecode.swift; path = ContentView.swift; sourceTree = "<group>"; };
		3D21873C2AD6718000FE35C6 /* Assets.xcassets */ = {isa = PBXFileReference; lastKnownFileType = folder.assetcatalog; path = Assets.xcassets; sourceTree = "<group>"; };
		3D21873F2AD6718000FE35C6 /* Preview Assets.xcassets */ = {isa = PBXFileReference; lastKnownFileType = folder.assetcatalog; path = "Preview Assets.xcassets"; sourceTree = "<group>"; };
		3D2187462AD671C600FE35C6 /* BottomBar.swift */ = {isa = PBXFileReference; lastKnownFileType = sourcecode.swift; path = BottomBar.swift; sourceTree = "<group>"; };
		3D21874F2AD6736A00FE35C6 /* StatusView.swift */ = {isa = PBXFileReference; lastKnownFileType = sourcecode.swift; path = StatusView.swift; sourceTree = "<group>"; };
		3D2187512AD6738900FE35C6 /* StatusManager.swift */ = {isa = PBXFileReference; lastKnownFileType = sourcecode.swift; path = StatusManager.swift; sourceTree = "<group>"; };
		3D2187532AD67FD500FE35C6 /* StatusCardView.swift */ = {isa = PBXFileReference; lastKnownFileType = sourcecode.swift; path = StatusCardView.swift; sourceTree = "<group>"; };
		3D2187552AD6834500FE35C6 /* StatusListView.swift */ = {isa = PBXFileReference; lastKnownFileType = sourcecode.swift; path = StatusListView.swift; sourceTree = "<group>"; };
		3D2187572AD6841A00FE35C6 /* MyStatusCardView.swift */ = {isa = PBXFileReference; lastKnownFileType = sourcecode.swift; path = MyStatusCardView.swift; sourceTree = "<group>"; };
		3D2187592AD688CB00FE35C6 /* InfoTextView.swift */ = {isa = PBXFileReference; lastKnownFileType = sourcecode.swift; path = InfoTextView.swift; sourceTree = "<group>"; };
		3D21875B2AD6960E00FE35C6 /* ChatsView.swift */ = {isa = PBXFileReference; lastKnownFileType = sourcecode.swift; path = ChatsView.swift; sourceTree = "<group>"; };
		3D21875D2AD6964D00FE35C6 /* SettingsView.swift */ = {isa = PBXFileReference; lastKnownFileType = sourcecode.swift; path = SettingsView.swift; sourceTree = "<group>"; };
		3DC7EE642ADD99B700C02E15 /* SplashScreenView.swift */ = {isa = PBXFileReference; lastKnownFileType = sourcecode.swift; path = SplashScreenView.swift; sourceTree = "<group>"; };
/* End PBXFileReference section */

/* Begin PBXFrameworksBuildPhase section */
		3D2187322AD6717F00FE35C6 /* Frameworks */ = {
			isa = PBXFrameworksBuildPhase;
			buildActionMask = 2147483647;
			files = (
			);
			runOnlyForDeploymentPostprocessing = 0;
		};
/* End PBXFrameworksBuildPhase section */

/* Begin PBXGroup section */
		3D21872C2AD6717F00FE35C6 = {
			isa = PBXGroup;
			children = (
				3D2187372AD6717F00FE35C6 /* PhantomChat v1.0 */,
				3D2187362AD6717F00FE35C6 /* Products */,
			);
			sourceTree = "<group>";
		};
		3D2187362AD6717F00FE35C6 /* Products */ = {
			isa = PBXGroup;
			children = (
				3D2187352AD6717F00FE35C6 /* PhantomChat v1.0.app */,
			);
			name = Products;
			sourceTree = "<group>";
		};
		3D2187372AD6717F00FE35C6 /* PhantomChat v1.0 */ = {
			isa = PBXGroup;
			children = (
				3D21874C2AD6730E00FE35C6 /* Status */,
				3D21874B2AD672F900FE35C6 /* Settings */,
				3D2187482AD672EB00FE35C6 /* Chats */,
				3D2187382AD6717F00FE35C6 /* PhantomChat_v1_0App.swift */,
				3D21873A2AD6717F00FE35C6 /* ContentView.swift */,
				3DC7EE642ADD99B700C02E15 /* SplashScreenView.swift */,
				3D2187462AD671C600FE35C6 /* BottomBar.swift */,
				3D21873C2AD6718000FE35C6 /* Assets.xcassets */,
				3D21873E2AD6718000FE35C6 /* Preview Content */,
			);
			path = "PhantomChat v1.0";
			sourceTree = "<group>";
		};
		3D21873E2AD6718000FE35C6 /* Preview Content */ = {
			isa = PBXGroup;
			children = (
				3D21873F2AD6718000FE35C6 /* Preview Assets.xcassets */,
			);
			path = "Preview Content";
			sourceTree = "<group>";
		};
		3D2187482AD672EB00FE35C6 /* Chats */ = {
			isa = PBXGroup;
			children = (
				3D21875B2AD6960E00FE35C6 /* ChatsView.swift */,
			);
			path = Chats;
			sourceTree = "<group>";
		};
		3D21874B2AD672F900FE35C6 /* Settings */ = {
			isa = PBXGroup;
			children = (
				3D21875D2AD6964D00FE35C6 /* SettingsView.swift */,
			);
			path = Settings;
			sourceTree = "<group>";
		};
		3D21874C2AD6730E00FE35C6 /* Status */ = {
			isa = PBXGroup;
			children = (
				3D21874E2AD6733900FE35C6 /* Components */,
				3D21874D2AD6732A00FE35C6 /* ViewModel */,
				3D21874F2AD6736A00FE35C6 /* StatusView.swift */,
			);
			path = Status;
			sourceTree = "<group>";
		};
		3D21874D2AD6732A00FE35C6 /* ViewModel */ = {
			isa = PBXGroup;
			children = (
				3D2187512AD6738900FE35C6 /* StatusManager.swift */,
			);
			path = ViewModel;
			sourceTree = "<group>";
		};
		3D21874E2AD6733900FE35C6 /* Components */ = {
			isa = PBXGroup;
			children = (
				3D2187532AD67FD500FE35C6 /* StatusCardView.swift */,
				3D2187552AD6834500FE35C6 /* StatusListView.swift */,
				3D2187572AD6841A00FE35C6 /* MyStatusCardView.swift */,
				3D2187592AD688CB00FE35C6 /* InfoTextView.swift */,
			);
			path = Components;
			sourceTree = "<group>";
		};
/* End PBXGroup section */

/* Begin PBXNativeTarget section */
		3D2187342AD6717F00FE35C6 /* PhantomChat v1.0 */ = {
			isa = PBXNativeTarget;
			buildConfigurationList = 3D2187432AD6718000FE35C6 /* Build configuration list for PBXNativeTarget "PhantomChat v1.0" */;
			buildPhases = (
				3D2187312AD6717F00FE35C6 /* Sources */,
				3D2187322AD6717F00FE35C6 /* Frameworks */,
				3D2187332AD6717F00FE35C6 /* Resources */,
			);
			buildRules = (
			);
			dependencies = (
			);
			name = "PhantomChat v1.0";
			productName = "PhantomChat v1.0";
			productReference = 3D2187352AD6717F00FE35C6 /* PhantomChat v1.0.app */;
			productType = "com.apple.product-type.application";
		};
/* End PBXNativeTarget section */

/* Begin PBXProject section */
		3D21872D2AD6717F00FE35C6 /* Project object */ = {
			isa = PBXProject;
			attributes = {
				BuildIndependentTargetsInParallel = 1;
				LastSwiftUpdateCheck = 1500;
				LastUpgradeCheck = 1500;
				TargetAttributes = {
					3D2187342AD6717F00FE35C6 = {
						CreatedOnToolsVersion = 15.0;
					};
				};
			};
			buildConfigurationList = 3D2187302AD6717F00FE35C6 /* Build configuration list for PBXProject "PhantomChat v1.0" */;
			compatibilityVersion = "Xcode 14.0";
			developmentRegion = en;
			hasScannedForEncodings = 0;
			knownRegions = (
				en,
				Base,
			);
			mainGroup = 3D21872C2AD6717F00FE35C6;
			productRefGroup = 3D2187362AD6717F00FE35C6 /* Products */;
			projectDirPath = "";
			projectRoot = "";
			targets = (
				3D2187342AD6717F00FE35C6 /* PhantomChat v1.0 */,
			);
		};
/* End PBXProject section */

/* Begin PBXResourcesBuildPhase section */
		3D2187332AD6717F00FE35C6 /* Resources */ = {
			isa = PBXResourcesBuildPhase;
			buildActionMask = 2147483647;
			files = (
				3D2187402AD6718000FE35C6 /* Preview Assets.xcassets in Resources */,
				3D21873D2AD6718000FE35C6 /* Assets.xcassets in Resources */,
			);
			runOnlyForDeploymentPostprocessing = 0;
		};
/* End PBXResourcesBuildPhase section */

/* Begin PBXSourcesBuildPhase section */
		3D2187312AD6717F00FE35C6 /* Sources */ = {
			isa = PBXSourcesBuildPhase;
			buildActionMask = 2147483647;
			files = (
				3D2187582AD6841A00FE35C6 /* MyStatusCardView.swift in Sources */,
				3D2187542AD67FD500FE35C6 /* StatusCardView.swift in Sources */,
				3D21875C2AD6960E00FE35C6 /* ChatsView.swift in Sources */,
				3D21873B2AD6717F00FE35C6 /* ContentView.swift in Sources */,
				3D2187392AD6717F00FE35C6 /* PhantomChat_v1_0App.swift in Sources */,
				3D21875A2AD688CB00FE35C6 /* InfoTextView.swift in Sources */,
				3D2187522AD6738900FE35C6 /* StatusManager.swift in Sources */,
				3D2187562AD6834500FE35C6 /* StatusListView.swift in Sources */,
				3D2187502AD6736A00FE35C6 /* StatusView.swift in Sources */,
				3D2187472AD671C600FE35C6 /* BottomBar.swift in Sources */,
				3D21875E2AD6964D00FE35C6 /* SettingsView.swift in Sources */,
				3DC7EE652ADD99B700C02E15 /* SplashScreenView.swift in Sources */,
			);
			runOnlyForDeploymentPostprocessing = 0;
		};
/* End PBXSourcesBuildPhase section */

/* Begin XCBuildConfiguration section */
		3D2187412AD6718000FE35C6 /* Debug */ = {
			isa = XCBuildConfiguration;
			buildSettings = {
				ALWAYS_SEARCH_USER_PATHS = NO;
				ASSETCATALOG_COMPILER_GENERATE_SWIFT_ASSET_SYMBOL_EXTENSIONS = YES;
				CLANG_ANALYZER_NONNULL = YES;
				CLANG_ANALYZER_NUMBER_OBJECT_CONVERSION = YES_AGGRESSIVE;
				CLANG_CXX_LANGUAGE_STANDARD = "gnu++20";
				CLANG_ENABLE_MODULES = YES;
				CLANG_ENABLE_OBJC_ARC = YES;
				CLANG_ENABLE_OBJC_WEAK = YES;
				CLANG_WARN_BLOCK_CAPTURE_AUTORELEASING = YES;
				CLANG_WARN_BOOL_CONVERSION = YES;
				CLANG_WARN_COMMA = YES;
				CLANG_WARN_CONSTANT_CONVERSION = YES;
				CLANG_WARN_DEPRECATED_OBJC_IMPLEMENTATIONS = YES;
				CLANG_WARN_DIRECT_OBJC_ISA_USAGE = YES_ERROR;
				CLANG_WARN_DOCUMENTATION_COMMENTS = YES;
				CLANG_WARN_EMPTY_BODY = YES;
				CLANG_WARN_ENUM_CONVERSION = YES;
				CLANG_WARN_INFINITE_RECURSION = YES;
				CLANG_WARN_INT_CONVERSION = YES;
				CLANG_WARN_NON_LITERAL_NULL_CONVERSION = YES;
				CLANG_WARN_OBJC_IMPLICIT_RETAIN_SELF = YES;
				CLANG_WARN_OBJC_LITERAL_CONVERSION = YES;
				CLANG_WARN_OBJC_ROOT_CLASS = YES_ERROR;
				CLANG_WARN_QUOTED_INCLUDE_IN_FRAMEWORK_HEADER = YES;
				CLANG_WARN_RANGE_LOOP_ANALYSIS = YES;
				CLANG_WARN_STRICT_PROTOTYPES = YES;
				CLANG_WARN_SUSPICIOUS_MOVE = YES;
				CLANG_WARN_UNGUARDED_AVAILABILITY = YES_AGGRESSIVE;
				CLANG_WARN_UNREACHABLE_CODE = YES;
				CLANG_WARN__DUPLICATE_METHOD_MATCH = YES;
				COPY_PHASE_STRIP = NO;
				DEBUG_INFORMATION_FORMAT = dwarf;
				ENABLE_STRICT_OBJC_MSGSEND = YES;
				ENABLE_TESTABILITY = YES;
				ENABLE_USER_SCRIPT_SANDBOXING = YES;
				GCC_C_LANGUAGE_STANDARD = gnu17;
				GCC_DYNAMIC_NO_PIC = NO;
				GCC_NO_COMMON_BLOCKS = YES;
				GCC_OPTIMIZATION_LEVEL = 0;
				GCC_PREPROCESSOR_DEFINITIONS = (
					"DEBUG=1",
					"$(inherited)",
				);
				GCC_WARN_64_TO_32_BIT_CONVERSION = YES;
				GCC_WARN_ABOUT_RETURN_TYPE = YES_ERROR;
				GCC_WARN_UNDECLARED_SELECTOR = YES;
				GCC_WARN_UNINITIALIZED_AUTOS = YES_AGGRESSIVE;
				GCC_WARN_UNUSED_FUNCTION = YES;
				GCC_WARN_UNUSED_VARIABLE = YES;
				IPHONEOS_DEPLOYMENT_TARGET = 17.0;
				LOCALIZATION_PREFERS_STRING_CATALOGS = YES;
				MTL_ENABLE_DEBUG_INFO = INCLUDE_SOURCE;
				MTL_FAST_MATH = YES;
				ONLY_ACTIVE_ARCH = YES;
				SDKROOT = iphoneos;
				SWIFT_ACTIVE_COMPILATION_CONDITIONS = "DEBUG $(inherited)";
				SWIFT_OPTIMIZATION_LEVEL = "-Onone";
			};
			name = Debug;
		};
		3D2187422AD6718000FE35C6 /* Release */ = {
			isa = XCBuildConfiguration;
			buildSettings = {
				ALWAYS_SEARCH_USER_PATHS = NO;
				ASSETCATALOG_COMPILER_GENERATE_SWIFT_ASSET_SYMBOL_EXTENSIONS = YES;
				CLANG_ANALYZER_NONNULL = YES;
				CLANG_ANALYZER_NUMBER_OBJECT_CONVERSION = YES_AGGRESSIVE;
				CLANG_CXX_LANGUAGE_STANDARD = "gnu++20";
				CLANG_ENABLE_MODULES = YES;
				CLANG_ENABLE_OBJC_ARC = YES;
				CLANG_ENABLE_OBJC_WEAK = YES;
				CLANG_WARN_BLOCK_CAPTURE_AUTORELEASING = YES;
				CLANG_WARN_BOOL_CONVERSION = YES;
				CLANG_WARN_COMMA = YES;
				CLANG_WARN_CONSTANT_CONVERSION = YES;
				CLANG_WARN_DEPRECATED_OBJC_IMPLEMENTATIONS = YES;
				CLANG_WARN_DIRECT_OBJC_ISA_USAGE = YES_ERROR;
				CLANG_WARN_DOCUMENTATION_COMMENTS = YES;
				CLANG_WARN_EMPTY_BODY = YES;
				CLANG_WARN_ENUM_CONVERSION = YES;
				CLANG_WARN_INFINITE_RECURSION = YES;
				CLANG_WARN_INT_CONVERSION = YES;
				CLANG_WARN_NON_LITERAL_NULL_CONVERSION = YES;
				CLANG_WARN_OBJC_IMPLICIT_RETAIN_SELF = YES;
				CLANG_WARN_OBJC_LITERAL_CONVERSION = YES;
				CLANG_WARN_OBJC_ROOT_CLASS = YES_ERROR;
				CLANG_WARN_QUOTED_INCLUDE_IN_FRAMEWORK_HEADER = YES;
				CLANG_WARN_RANGE_LOOP_ANALYSIS = YES;
				CLANG_WARN_STRICT_PROTOTYPES = YES;
				CLANG_WARN_SUSPICIOUS_MOVE = YES;
				CLANG_WARN_UNGUARDED_AVAILABILITY = YES_AGGRESSIVE;
				CLANG_WARN_UNREACHABLE_CODE = YES;
				CLANG_WARN__DUPLICATE_METHOD_MATCH = YES;
				COPY_PHASE_STRIP = NO;
				DEBUG_INFORMATION_FORMAT = "dwarf-with-dsym";
				ENABLE_NS_ASSERTIONS = NO;
				ENABLE_STRICT_OBJC_MSGSEND = YES;
				ENABLE_USER_SCRIPT_SANDBOXING = YES;
				GCC_C_LANGUAGE_STANDARD = gnu17;
				GCC_NO_COMMON_BLOCKS = YES;
				GCC_WARN_64_TO_32_BIT_CONVERSION = YES;
				GCC_WARN_ABOUT_RETURN_TYPE = YES_ERROR;
				GCC_WARN_UNDECLARED_SELECTOR = YES;
				GCC_WARN_UNINITIALIZED_AUTOS = YES_AGGRESSIVE;
				GCC_WARN_UNUSED_FUNCTION = YES;
				GCC_WARN_UNUSED_VARIABLE = YES;
				IPHONEOS_DEPLOYMENT_TARGET = 17.0;
				LOCALIZATION_PREFERS_STRING_CATALOGS = YES;
				MTL_ENABLE_DEBUG_INFO = NO;
				MTL_FAST_MATH = YES;
				SDKROOT = iphoneos;
				SWIFT_COMPILATION_MODE = wholemodule;
				VALIDATE_PRODUCT = YES;
			};
			name = Release;
		};
		3D2187442AD6718000FE35C6 /* Debug */ = {
			isa = XCBuildConfiguration;
			buildSettings = {
				ASSETCATALOG_COMPILER_APPICON_NAME = AppIcon;
				ASSETCATALOG_COMPILER_GLOBAL_ACCENT_COLOR_NAME = AccentColor;
				CODE_SIGN_IDENTITY = "Apple Development";
				CODE_SIGN_STYLE = Automatic;
				CURRENT_PROJECT_VERSION = 1;
				DEVELOPMENT_ASSET_PATHS = "\"PhantomChat v1.0/Preview Content\"";
				DEVELOPMENT_TEAM = G233R7MDZT;
				ENABLE_PREVIEWS = YES;
				GENERATE_INFOPLIST_FILE = YES;
				INFOPLIST_KEY_UIApplicationSceneManifest_Generation = YES;
				INFOPLIST_KEY_UIApplicationSupportsIndirectInputEvents = YES;
				INFOPLIST_KEY_UILaunchScreen_Generation = YES;
				INFOPLIST_KEY_UISupportedInterfaceOrientations_iPad = "UIInterfaceOrientationPortrait UIInterfaceOrientationPortraitUpsideDown UIInterfaceOrientationLandscapeLeft UIInterfaceOrientationLandscapeRight";
				INFOPLIST_KEY_UISupportedInterfaceOrientations_iPhone = "UIInterfaceOrientationPortrait UIInterfaceOrientationLandscapeLeft UIInterfaceOrientationLandscapeRight";
				IPHONEOS_DEPLOYMENT_TARGET = 16.0;
				LD_RUNPATH_SEARCH_PATHS = (
					"$(inherited)",
					"@executable_path/Frameworks",
				);
				MARKETING_VERSION = 1.0;
				PRODUCT_BUNDLE_IDENTIFIER = "com.phantom.PhantomChat-v1-0";
				PRODUCT_NAME = "$(TARGET_NAME)";
				PROVISIONING_PROFILE_SPECIFIER = "";
				SWIFT_EMIT_LOC_STRINGS = YES;
				SWIFT_VERSION = 5.0;
				TARGETED_DEVICE_FAMILY = "1,2";
			};
			name = Debug;
		};
		3D2187452AD6718000FE35C6 /* Release */ = {
			isa = XCBuildConfiguration;
			buildSettings = {
				ASSETCATALOG_COMPILER_APPICON_NAME = AppIcon;
				ASSETCATALOG_COMPILER_GLOBAL_ACCENT_COLOR_NAME = AccentColor;
				CODE_SIGN_IDENTITY = "Apple Development";
				CODE_SIGN_STYLE = Automatic;
				CURRENT_PROJECT_VERSION = 1;
				DEVELOPMENT_ASSET_PATHS = "\"PhantomChat v1.0/Preview Content\"";
				DEVELOPMENT_TEAM = G233R7MDZT;
				ENABLE_PREVIEWS = YES;
				GENERATE_INFOPLIST_FILE = YES;
				INFOPLIST_KEY_UIApplicationSceneManifest_Generation = YES;
				INFOPLIST_KEY_UIApplicationSupportsIndirectInputEvents = YES;
				INFOPLIST_KEY_UILaunchScreen_Generation = YES;
				INFOPLIST_KEY_UISupportedInterfaceOrientations_iPad = "UIInterfaceOrientationPortrait UIInterfaceOrientationPortraitUpsideDown UIInterfaceOrientationLandscapeLeft UIInterfaceOrientationLandscapeRight";
				INFOPLIST_KEY_UISupportedInterfaceOrientations_iPhone = "UIInterfaceOrientationPortrait UIInterfaceOrientationLandscapeLeft UIInterfaceOrientationLandscapeRight";
				IPHONEOS_DEPLOYMENT_TARGET = 16.0;
				LD_RUNPATH_SEARCH_PATHS = (
					"$(inherited)",
					"@executable_path/Frameworks",
				);
				MARKETING_VERSION = 1.0;
				PRODUCT_BUNDLE_IDENTIFIER = "com.phantom.PhantomChat-v1-0";
				PRODUCT_NAME = "$(TARGET_NAME)";
				PROVISIONING_PROFILE_SPECIFIER = "";
				SWIFT_EMIT_LOC_STRINGS = YES;
				SWIFT_VERSION = 5.0;
				TARGETED_DEVICE_FAMILY = "1,2";
			};
			name = Release;
		};
/* End XCBuildConfiguration section */

/* Begin XCConfigurationList section */
		3D2187302AD6717F00FE35C6 /* Build configuration list for PBXProject "PhantomChat v1.0" */ = {
			isa = XCConfigurationList;
			buildConfigurations = (
				3D2187412AD6718000FE35C6 /* Debug */,
				3D2187422AD6718000FE35C6 /* Release */,
			);
			defaultConfigurationIsVisible = 0;
			defaultConfigurationName = Release;
		};
		3D2187432AD6718000FE35C6 /* Build configuration list for PBXNativeTarget "PhantomChat v1.0" */ = {
			isa = XCConfigurationList;
			buildConfigurations = (
				3D2187442AD6718000FE35C6 /* Debug */,
				3D2187452AD6718000FE35C6 /* Release */,
			);
			defaultConfigurationIsVisible = 0;
			defaultConfigurationName = Release;
		};
/* End XCConfigurationList section */
	};
	rootObject = 3D21872D2AD6717F00FE35C6 /* Project object */;
}
